// !$*UTF8*$!
{
	archiveVersion = 1;
	classes = {
	};
	objectVersion = 46;
	objects = {

/* Begin PBXBuildFile section */
		CEF9F0CD1D3342FB00D1144B /* main.m in Sources */ = {isa = PBXBuildFile; fileRef = CEF9F0CC1D3342FB00D1144B /* main.m */; };
		CEF9F0D01D3342FB00D1144B /* AppDelegate.m in Sources */ = {isa = PBXBuildFile; fileRef = CEF9F0CF1D3342FB00D1144B /* AppDelegate.m */; };
		CEF9F0D31D3342FB00D1144B /* ViewController.m in Sources */ = {isa = PBXBuildFile; fileRef = CEF9F0D21D3342FB00D1144B /* ViewController.m */; };
		CEF9F0D61D3342FB00D1144B /* Main.storyboard in Resources */ = {isa = PBXBuildFile; fileRef = CEF9F0D41D3342FB00D1144B /* Main.storyboard */; };
		CEF9F0D81D3342FB00D1144B /* Assets.xcassets in Resources */ = {isa = PBXBuildFile; fileRef = CEF9F0D71D3342FB00D1144B /* Assets.xcassets */; };
		CEF9F0DB1D3342FB00D1144B /* LaunchScreen.storyboard in Resources */ = {isa = PBXBuildFile; fileRef = CEF9F0D91D3342FB00D1144B /* LaunchScreen.storyboard */; };
		CEF9F0E61D3342FB00D1144B /* XGScrollViewTests.m in Sources */ = {isa = PBXBuildFile; fileRef = CEF9F0E51D3342FB00D1144B /* XGScrollViewTests.m */; };
		CEF9F0F11D3342FB00D1144B /* XGScrollViewUITests.m in Sources */ = {isa = PBXBuildFile; fileRef = CEF9F0F01D3342FB00D1144B /* XGScrollViewUITests.m */; };
		CEF9F1111D33435B00D1144B /* 引导图1_320_480.png in Resources */ = {isa = PBXBuildFile; fileRef = CEF9F1081D33435B00D1144B /* 引导图1_320_480.png */; };
		CEF9F1121D33435B00D1144B /* 引导图2_320_480.png in Resources */ = {isa = PBXBuildFile; fileRef = CEF9F1091D33435B00D1144B /* 引导图2_320_480.png */; };
		CEF9F1131D33435B00D1144B /* 引导图3_320_480.png in Resources */ = {isa = PBXBuildFile; fileRef = CEF9F10A1D33435B00D1144B /* 引导图3_320_480.png */; };
		CEF9F1141D33435B00D1144B /* 引导图4_320_480.png in Resources */ = {isa = PBXBuildFile; fileRef = CEF9F10B1D33435B00D1144B /* 引导图4_320_480.png */; };
		CEF9F1151D33435B00D1144B /* 引导图5_320_480.png in Resources */ = {isa = PBXBuildFile; fileRef = CEF9F10C1D33435B00D1144B /* 引导图5_320_480.png */; };
		CEF9F11F1D33438200D1144B /* XGBroserView.m in Sources */ = {isa = PBXBuildFile; fileRef = CEF9F1181D33438200D1144B /* XGBroserView.m */; };
		CEF9F1201D33438200D1144B /* XGImageScrollView.m in Sources */ = {isa = PBXBuildFile; fileRef = CEF9F11A1D33438200D1144B /* XGImageScrollView.m */; };
		CEF9F1211D33438200D1144B /* XGScrollView.m in Sources */ = {isa = PBXBuildFile; fileRef = CEF9F11C1D33438200D1144B /* XGScrollView.m */; };
		CEF9F1221D33438200D1144B /* XGTapImage.m in Sources */ = {isa = PBXBuildFile; fileRef = CEF9F11E1D33438200D1144B /* XGTapImage.m */; };
/* End PBXBuildFile section */

/* Begin PBXContainerItemProxy section */
		CEF9F0E21D3342FB00D1144B /* PBXContainerItemProxy */ = {
			isa = PBXContainerItemProxy;
			containerPortal = CEF9F0C01D3342FB00D1144B /* Project object */;
			proxyType = 1;
			remoteGlobalIDString = CEF9F0C71D3342FB00D1144B;
			remoteInfo = XGScrollView;
		};
		CEF9F0ED1D3342FB00D1144B /* PBXContainerItemProxy */ = {
			isa = PBXContainerItemProxy;
			containerPortal = CEF9F0C01D3342FB00D1144B /* Project object */;
			proxyType = 1;
			remoteGlobalIDString = CEF9F0C71D3342FB00D1144B;
			remoteInfo = XGScrollView;
		};
/* End PBXContainerItemProxy section */

/* Begin PBXFileReference section */
		CEF9F0C81D3342FB00D1144B /* XGScrollView.app */ = {isa = PBXFileReference; explicitFileType = wrapper.application; includeInIndex = 0; path = XGScrollView.app; sourceTree = BUILT_PRODUCTS_DIR; };
		CEF9F0CC1D3342FB00D1144B /* main.m */ = {isa = PBXFileReference; lastKnownFileType = sourcecode.c.objc; path = main.m; sourceTree = "<group>"; };
		CEF9F0CE1D3342FB00D1144B /* AppDelegate.h */ = {isa = PBXFileReference; lastKnownFileType = sourcecode.c.h; path = AppDelegate.h; sourceTree = "<group>"; };
		CEF9F0CF1D3342FB00D1144B /* AppDelegate.m */ = {isa = PBXFileReference; lastKnownFileType = sourcecode.c.objc; path = AppDelegate.m; sourceTree = "<group>"; };
		CEF9F0D11D3342FB00D1144B /* ViewController.h */ = {isa = PBXFileReference; lastKnownFileType = sourcecode.c.h; path = ViewController.h; sourceTree = "<group>"; };
		CEF9F0D21D3342FB00D1144B /* ViewController.m */ = {isa = PBXFileReference; lastKnownFileType = sourcecode.c.objc; path = ViewController.m; sourceTree = "<group>"; };
		CEF9F0D51D3342FB00D1144B /* Base */ = {isa = PBXFileReference; lastKnownFileType = file.storyboard; name = Base; path = Base.lproj/Main.storyboard; sourceTree = "<group>"; };
		CEF9F0D71D3342FB00D1144B /* Assets.xcassets */ = {isa = PBXFileReference; lastKnownFileType = folder.assetcatalog; path = Assets.xcassets; sourceTree = "<group>"; };
		CEF9F0DA1D3342FB00D1144B /* Base */ = {isa = PBXFileReference; lastKnownFileType = file.storyboard; name = Base; path = Base.lproj/LaunchScreen.storyboard; sourceTree = "<group>"; };
		CEF9F0DC1D3342FB00D1144B /* Info.plist */ = {isa = PBXFileReference; lastKnownFileType = text.plist.xml; path = Info.plist; sourceTree = "<group>"; };
		CEF9F0E11D3342FB00D1144B /* XGScrollViewTests.xctest */ = {isa = PBXFileReference; explicitFileType = wrapper.cfbundle; includeInIndex = 0; path = XGScrollViewTests.xctest; sourceTree = BUILT_PRODUCTS_DIR; };
		CEF9F0E51D3342FB00D1144B /* XGScrollViewTests.m */ = {isa = PBXFileReference; lastKnownFileType = sourcecode.c.objc; path = XGScrollViewTests.m; sourceTree = "<group>"; };
		CEF9F0E71D3342FB00D1144B /* Info.plist */ = {isa = PBXFileReference; lastKnownFileType = text.plist.xml; path = Info.plist; sourceTree = "<group>"; };
		CEF9F0EC1D3342FB00D1144B /* XGScrollViewUITests.xctest */ = {isa = PBXFileReference; explicitFileType = wrapper.cfbundle; includeInIndex = 0; path = XGScrollViewUITests.xctest; sourceTree = BUILT_PRODUCTS_DIR; };
		CEF9F0F01D3342FB00D1144B /* XGScrollViewUITests.m */ = {isa = PBXFileReference; lastKnownFileType = sourcecode.c.objc; path = XGScrollViewUITests.m; sourceTree = "<group>"; };
		CEF9F0F21D3342FB00D1144B /* Info.plist */ = {isa = PBXFileReference; lastKnownFileType = text.plist.xml; path = Info.plist; sourceTree = "<group>"; };
		CEF9F1081D33435B00D1144B /* 引导图1_320_480.png */ = {isa = PBXFileReference; lastKnownFileType = image.png; path = "引导图1_320_480.png"; sourceTree = "<group>"; };
		CEF9F1091D33435B00D1144B /* 引导图2_320_480.png */ = {isa = PBXFileReference; lastKnownFileType = image.png; path = "引导图2_320_480.png"; sourceTree = "<group>"; };
		CEF9F10A1D33435B00D1144B /* 引导图3_320_480.png */ = {isa = PBXFileReference; lastKnownFileType = image.png; path = "引导图3_320_480.png"; sourceTree = "<group>"; };
		CEF9F10B1D33435B00D1144B /* 引导图4_320_480.png */ = {isa = PBXFileReference; lastKnownFileType = image.png; path = "引导图4_320_480.png"; sourceTree = "<group>"; };
		CEF9F10C1D33435B00D1144B /* 引导图5_320_480.png */ = {isa = PBXFileReference; lastKnownFileType = image.png; path = "引导图5_320_480.png"; sourceTree = "<group>"; };
		CEF9F1171D33438200D1144B /* XGBroserView.h */ = {isa = PBXFileReference; fileEncoding = 4; lastKnownFileType = sourcecode.c.h; path = XGBroserView.h; sourceTree = "<group>"; };
		CEF9F1181D33438200D1144B /* XGBroserView.m */ = {isa = PBXFileReference; fileEncoding = 4; lastKnownFileType = sourcecode.c.objc; path = XGBroserView.m; sourceTree = "<group>"; };
		CEF9F1191D33438200D1144B /* XGImageScrollView.h */ = {isa = PBXFileReference; fileEncoding = 4; lastKnownFileType = sourcecode.c.h; path = XGImageScrollView.h; sourceTree = "<group>"; };
		CEF9F11A1D33438200D1144B /* XGImageScrollView.m */ = {isa = PBXFileReference; fileEncoding = 4; lastKnownFileType = sourcecode.c.objc; path = XGImageScrollView.m; sourceTree = "<group>"; };
		CEF9F11B1D33438200D1144B /* XGScrollView.h */ = {isa = PBXFileReference; fileEncoding = 4; lastKnownFileType = sourcecode.c.h; path = XGScrollView.h; sourceTree = "<group>"; };
		CEF9F11C1D33438200D1144B /* XGScrollView.m */ = {isa = PBXFileReference; fileEncoding = 4; lastKnownFileType = sourcecode.c.objc; path = XGScrollView.m; sourceTree = "<group>"; };
		CEF9F11D1D33438200D1144B /* XGTapImage.h */ = {isa = PBXFileReference; fileEncoding = 4; lastKnownFileType = sourcecode.c.h; path = XGTapImage.h; sourceTree = "<group>"; };
		CEF9F11E1D33438200D1144B /* XGTapImage.m */ = {isa = PBXFileReference; fileEncoding = 4; lastKnownFileType = sourcecode.c.objc; path = XGTapImage.m; sourceTree = "<group>"; };
/* End PBXFileReference section */

/* Begin PBXFrameworksBuildPhase section */
		CEF9F0C51D3342FB00D1144B /* Frameworks */ = {
			isa = PBXFrameworksBuildPhase;
			buildActionMask = 2147483647;
			files = (
			);
			runOnlyForDeploymentPostprocessing = 0;
		};
		CEF9F0DE1D3342FB00D1144B /* Frameworks */ = {
			isa = PBXFrameworksBuildPhase;
			buildActionMask = 2147483647;
			files = (
			);
			runOnlyForDeploymentPostprocessing = 0;
		};
		CEF9F0E91D3342FB00D1144B /* Frameworks */ = {
			isa = PBXFrameworksBuildPhase;
			buildActionMask = 2147483647;
			files = (
			);
			runOnlyForDeploymentPostprocessing = 0;
		};
/* End PBXFrameworksBuildPhase section */

/* Begin PBXGroup section */
		CEF9F0BF1D3342FB00D1144B = {
			isa = PBXGroup;
			children = (
				CEF9F0CA1D3342FB00D1144B /* XGScrollView */,
				CEF9F0E41D3342FB00D1144B /* XGScrollViewTests */,
				CEF9F0EF1D3342FB00D1144B /* XGScrollViewUITests */,
				CEF9F0C91D3342FB00D1144B /* Products */,
			);
			sourceTree = "<group>";
		};
		CEF9F0C91D3342FB00D1144B /* Products */ = {
			isa = PBXGroup;
			children = (
				CEF9F0C81D3342FB00D1144B /* XGScrollView.app */,
				CEF9F0E11D3342FB00D1144B /* XGScrollViewTests.xctest */,
				CEF9F0EC1D3342FB00D1144B /* XGScrollViewUITests.xctest */,
			);
			name = Products;
			sourceTree = "<group>";
		};
		CEF9F0CA1D3342FB00D1144B /* XGScrollView */ = {
			isa = PBXGroup;
			children = (
				CEF9F1161D33438200D1144B /* XGScrollView */,
				CEF9F0FE1D33435B00D1144B /* image */,
				CEF9F0CE1D3342FB00D1144B /* AppDelegate.h */,
				CEF9F0CF1D3342FB00D1144B /* AppDelegate.m */,
				CEF9F0D11D3342FB00D1144B /* ViewController.h */,
				CEF9F0D21D3342FB00D1144B /* ViewController.m */,
				CEF9F0D41D3342FB00D1144B /* Main.storyboard */,
				CEF9F0D71D3342FB00D1144B /* Assets.xcassets */,
				CEF9F0D91D3342FB00D1144B /* LaunchScreen.storyboard */,
				CEF9F0DC1D3342FB00D1144B /* Info.plist */,
				CEF9F0CB1D3342FB00D1144B /* Supporting Files */,
			);
			path = XGScrollView;
			sourceTree = "<group>";
		};
		CEF9F0CB1D3342FB00D1144B /* Supporting Files */ = {
			isa = PBXGroup;
			children = (
				CEF9F0CC1D3342FB00D1144B /* main.m */,
			);
			name = "Supporting Files";
			sourceTree = "<group>";
		};
		CEF9F0E41D3342FB00D1144B /* XGScrollViewTests */ = {
			isa = PBXGroup;
			children = (
				CEF9F0E51D3342FB00D1144B /* XGScrollViewTests.m */,
				CEF9F0E71D3342FB00D1144B /* Info.plist */,
			);
			path = XGScrollViewTests;
			sourceTree = "<group>";
		};
		CEF9F0EF1D3342FB00D1144B /* XGScrollViewUITests */ = {
			isa = PBXGroup;
			children = (
				CEF9F0F01D3342FB00D1144B /* XGScrollViewUITests.m */,
				CEF9F0F21D3342FB00D1144B /* Info.plist */,
			);
			path = XGScrollViewUITests;
			sourceTree = "<group>";
		};
		CEF9F0FE1D33435B00D1144B /* image */ = {
			isa = PBXGroup;
			children = (
				CEF9F1081D33435B00D1144B /* 引导图1_320_480.png */,
				CEF9F1091D33435B00D1144B /* 引导图2_320_480.png */,
				CEF9F10A1D33435B00D1144B /* 引导图3_320_480.png */,
				CEF9F10B1D33435B00D1144B /* 引导图4_320_480.png */,
				CEF9F10C1D33435B00D1144B /* 引导图5_320_480.png */,
			);
			path = image;
			sourceTree = "<group>";
		};
		CEF9F1161D33438200D1144B /* XGScrollView */ = {
			isa = PBXGroup;
			children = (
				CEF9F1171D33438200D1144B /* XGBroserView.h */,
				CEF9F1181D33438200D1144B /* XGBroserView.m */,
				CEF9F1191D33438200D1144B /* XGImageScrollView.h */,
				CEF9F11A1D33438200D1144B /* XGImageScrollView.m */,
				CEF9F11B1D33438200D1144B /* XGScrollView.h */,
				CEF9F11C1D33438200D1144B /* XGScrollView.m */,
				CEF9F11D1D33438200D1144B /* XGTapImage.h */,
				CEF9F11E1D33438200D1144B /* XGTapImage.m */,
			);
			path = XGScrollView;
			sourceTree = "<group>";
		};
/* End PBXGroup section */

/* Begin PBXNativeTarget section */
		CEF9F0C71D3342FB00D1144B /* XGScrollView */ = {
			isa = PBXNativeTarget;
			buildConfigurationList = CEF9F0F51D3342FB00D1144B /* Build configuration list for PBXNativeTarget "XGScrollView" */;
			buildPhases = (
				CEF9F0C41D3342FB00D1144B /* Sources */,
				CEF9F0C51D3342FB00D1144B /* Frameworks */,
				CEF9F0C61D3342FB00D1144B /* Resources */,
			);
			buildRules = (
			);
			dependencies = (
			);
			name = XGScrollView;
			productName = XGScrollView;
			productReference = CEF9F0C81D3342FB00D1144B /* XGScrollView.app */;
			productType = "com.apple.product-type.application";
		};
		CEF9F0E01D3342FB00D1144B /* XGScrollViewTests */ = {
			isa = PBXNativeTarget;
			buildConfigurationList = CEF9F0F81D3342FB00D1144B /* Build configuration list for PBXNativeTarget "XGScrollViewTests" */;
			buildPhases = (
				CEF9F0DD1D3342FB00D1144B /* Sources */,
				CEF9F0DE1D3342FB00D1144B /* Frameworks */,
				CEF9F0DF1D3342FB00D1144B /* Resources */,
			);
			buildRules = (
			);
			dependencies = (
				CEF9F0E31D3342FB00D1144B /* PBXTargetDependency */,
			);
			name = XGScrollViewTests;
			productName = XGScrollViewTests;
			productReference = CEF9F0E11D3342FB00D1144B /* XGScrollViewTests.xctest */;
			productType = "com.apple.product-type.bundle.unit-test";
		};
		CEF9F0EB1D3342FB00D1144B /* XGScrollViewUITests */ = {
			isa = PBXNativeTarget;
			buildConfigurationList = CEF9F0FB1D3342FB00D1144B /* Build configuration list for PBXNativeTarget "XGScrollViewUITests" */;
			buildPhases = (
				CEF9F0E81D3342FB00D1144B /* Sources */,
				CEF9F0E91D3342FB00D1144B /* Frameworks */,
				CEF9F0EA1D3342FB00D1144B /* Resources */,
			);
			buildRules = (
			);
			dependencies = (
				CEF9F0EE1D3342FB00D1144B /* PBXTargetDependency */,
			);
			name = XGScrollViewUITests;
			productName = XGScrollViewUITests;
			productReference = CEF9F0EC1D3342FB00D1144B /* XGScrollViewUITests.xctest */;
			productType = "com.apple.product-type.bundle.ui-testing";
		};
/* End PBXNativeTarget section */

/* Begin PBXProject section */
		CEF9F0C01D3342FB00D1144B /* Project object */ = {
			isa = PBXProject;
			attributes = {
				LastUpgradeCheck = 0710;
				ORGANIZATIONNAME = "郭晓广";
				TargetAttributes = {
					CEF9F0C71D3342FB00D1144B = {
						CreatedOnToolsVersion = 7.1;
					};
					CEF9F0E01D3342FB00D1144B = {
						CreatedOnToolsVersion = 7.1;
						TestTargetID = CEF9F0C71D3342FB00D1144B;
					};
					CEF9F0EB1D3342FB00D1144B = {
						CreatedOnToolsVersion = 7.1;
						TestTargetID = CEF9F0C71D3342FB00D1144B;
					};
				};
			};
			buildConfigurationList = CEF9F0C31D3342FB00D1144B /* Build configuration list for PBXProject "XGScrollView" */;
			compatibilityVersion = "Xcode 3.2";
			developmentRegion = English;
			hasScannedForEncodings = 0;
			knownRegions = (
				en,
				Base,
			);
			mainGroup = CEF9F0BF1D3342FB00D1144B;
			productRefGroup = CEF9F0C91D3342FB00D1144B /* Products */;
			projectDirPath = "";
			projectRoot = "";
			targets = (
				CEF9F0C71D3342FB00D1144B /* XGScrollView */,
				CEF9F0E01D3342FB00D1144B /* XGScrollViewTests */,
				CEF9F0EB1D3342FB00D1144B /* XGScrollViewUITests */,
			);
		};
/* End PBXProject section */

/* Begin PBXResourcesBuildPhase section */
		CEF9F0C61D3342FB00D1144B /* Resources */ = {
			isa = PBXResourcesBuildPhase;
			buildActionMask = 2147483647;
			files = (
				CEF9F1131D33435B00D1144B /* 引导图3_320_480.png in Resources */,
				CEF9F0DB1D3342FB00D1144B /* LaunchScreen.storyboard in Resources */,
				CEF9F1121D33435B00D1144B /* 引导图2_320_480.png in Resources */,
				CEF9F0D81D3342FB00D1144B /* Assets.xcassets in Resources */,
				CEF9F1141D33435B00D1144B /* 引导图4_320_480.png in Resources */,
				CEF9F1111D33435B00D1144B /* 引导图1_320_480.png in Resources */,
				CEF9F1151D33435B00D1144B /* 引导图5_320_480.png in Resources */,
				CEF9F0D61D3342FB00D1144B /* Main.storyboard in Resources */,
			);
			runOnlyForDeploymentPostprocessing = 0;
		};
		CEF9F0DF1D3342FB00D1144B /* Resources */ = {
			isa = PBXResourcesBuildPhase;
			buildActionMask = 2147483647;
			files = (
			);
			runOnlyForDeploymentPostprocessing = 0;
		};
		CEF9F0EA1D3342FB00D1144B /* Resources */ = {
			isa = PBXResourcesBuildPhase;
			buildActionMask = 2147483647;
			files = (
			);
			runOnlyForDeploymentPostprocessing = 0;
		};
/* End PBXResourcesBuildPhase section */

/* Begin PBXSourcesBuildPhase section */
		CEF9F0C41D3342FB00D1144B /* Sources */ = {
			isa = PBXSourcesBuildPhase;
			buildActionMask = 2147483647;
			files = (
				CEF9F11F1D33438200D1144B /* XGBroserView.m in Sources */,
				CEF9F1201D33438200D1144B /* XGImageScrollView.m in Sources */,
				CEF9F0D31D3342FB00D1144B /* ViewController.m in Sources */,
				CEF9F1211D33438200D1144B /* XGScrollView.m in Sources */,
				CEF9F0D01D3342FB00D1144B /* AppDelegate.m in Sources */,
				CEF9F0CD1D3342FB00D1144B /* main.m in Sources */,
				CEF9F1221D33438200D1144B /* XGTapImage.m in Sources */,
			);
			runOnlyForDeploymentPostprocessing = 0;
		};
		CEF9F0DD1D3342FB00D1144B /* Sources */ = {
			isa = PBXSourcesBuildPhase;
			buildActionMask = 2147483647;
			files = (
				CEF9F0E61D3342FB00D1144B /* XGScrollViewTests.m in Sources */,
			);
			runOnlyForDeploymentPostprocessing = 0;
		};
		CEF9F0E81D3342FB00D1144B /* Sources */ = {
			isa = PBXSourcesBuildPhase;
			buildActionMask = 2147483647;
			files = (
				CEF9F0F11D3342FB00D1144B /* XGScrollViewUITests.m in Sources */,
			);
			runOnlyForDeploymentPostprocessing = 0;
		};
/* End PBXSourcesBuildPhase section */

/* Begin PBXTargetDependency section */
		CEF9F0E31D3342FB00D1144B /* PBXTargetDependency */ = {
			isa = PBXTargetDependency;
			target = CEF9F0C71D3342FB00D1144B /* XGScrollView */;
			targetProxy = CEF9F0E21D3342FB00D1144B /* PBXContainerItemProxy */;
		};
		CEF9F0EE1D3342FB00D1144B /* PBXTargetDependency */ = {
			isa = PBXTargetDependency;
			target = CEF9F0C71D3342FB00D1144B /* XGScrollView */;
			targetProxy = CEF9F0ED1D3342FB00D1144B /* PBXContainerItemProxy */;
		};
/* End PBXTargetDependency section */

/* Begin PBXVariantGroup section */
		CEF9F0D41D3342FB00D1144B /* Main.storyboard */ = {
			isa = PBXVariantGroup;
			children = (
				CEF9F0D51D3342FB00D1144B /* Base */,
			);
			name = Main.storyboard;
			sourceTree = "<group>";
		};
		CEF9F0D91D3342FB00D1144B /* LaunchScreen.storyboard */ = {
			isa = PBXVariantGroup;
			children = (
				CEF9F0DA1D3342FB00D1144B /* Base */,
			);
			name = LaunchScreen.storyboard;
			sourceTree = "<group>";
		};
/* End PBXVariantGroup section */

/* Begin XCBuildConfiguration section */
		CEF9F0F31D3342FB00D1144B /* Debug */ = {
			isa = XCBuildConfiguration;
			buildSettings = {
				ALWAYS_SEARCH_USER_PATHS = NO;
				CLANG_CXX_LANGUAGE_STANDARD = "gnu++0x";
				CLANG_CXX_LIBRARY = "libc++";
				CLANG_ENABLE_MODULES = YES;
				CLANG_ENABLE_OBJC_ARC = YES;
				CLANG_WARN_BOOL_CONVERSION = YES;
				CLANG_WARN_CONSTANT_CONVERSION = YES;
				CLANG_WARN_DIRECT_OBJC_ISA_USAGE = YES_ERROR;
				CLANG_WARN_EMPTY_BODY = YES;
				CLANG_WARN_ENUM_CONVERSION = YES;
				CLANG_WARN_INT_CONVERSION = YES;
				CLANG_WARN_OBJC_ROOT_CLASS = YES_ERROR;
				CLANG_WARN_UNREACHABLE_CODE = YES;
				CLANG_WARN__DUPLICATE_METHOD_MATCH = YES;
				"CODE_SIGN_IDENTITY[sdk=iphoneos*]" = "iPhone Developer";
				COPY_PHASE_STRIP = NO;
				DEBUG_INFORMATION_FORMAT = dwarf;
				ENABLE_STRICT_OBJC_MSGSEND = YES;
				ENABLE_TESTABILITY = YES;
				GCC_C_LANGUAGE_STANDARD = gnu99;
				GCC_DYNAMIC_NO_PIC = NO;
				GCC_NO_COMMON_BLOCKS = YES;
				GCC_OPTIMIZATION_LEVEL = 0;
				GCC_PREPROCESSOR_DEFINITIONS = (
					"DEBUG=1",
					"$(inherited)",
				);
				GCC_WARN_64_TO_32_BIT_CONVERSION = YES;
				GCC_WARN_ABOUT_RETURN_TYPE = YES_ERROR;
				GCC_WARN_UNDECLARED_SELECTOR = YES;
				GCC_WARN_UNINITIALIZED_AUTOS = YES_AGGRESSIVE;
				GCC_WARN_UNUSED_FUNCTION = YES;
				GCC_WARN_UNUSED_VARIABLE = YES;
				IPHONEOS_DEPLOYMENT_TARGET = 9.1;
				MTL_ENABLE_DEBUG_INFO = YES;
				ONLY_ACTIVE_ARCH = YES;
				SDKROOT = iphoneos;
			};
			name = Debug;
		};
		CEF9F0F41D3342FB00D1144B /* Release */ = {
			isa = XCBuildConfiguration;
			buildSettings = {
				ALWAYS_SEARCH_USER_PATHS = NO;
				CLANG_CXX_LANGUAGE_STANDARD = "gnu++0x";
				CLANG_CXX_LIBRARY = "libc++";
				CLANG_ENABLE_MODULES = YES;
				CLANG_ENABLE_OBJC_ARC = YES;
				CLANG_WARN_BOOL_CONVERSION = YES;
				CLANG_WARN_CONSTANT_CONVERSION = YES;
				CLANG_WARN_DIRECT_OBJC_ISA_USAGE = YES_ERROR;
				CLANG_WARN_EMPTY_BODY = YES;
				CLANG_WARN_ENUM_CONVERSION = YES;
				CLANG_WARN_INT_CONVERSION = YES;
				CLANG_WARN_OBJC_ROOT_CLASS = YES_ERROR;
				CLANG_WARN_UNREACHABLE_CODE = YES;
				CLANG_WARN__DUPLICATE_METHOD_MATCH = YES;
				"CODE_SIGN_IDENTITY[sdk=iphoneos*]" = "iPhone Developer";
				COPY_PHASE_STRIP = NO;
				DEBUG_INFORMATION_FORMAT = "dwarf-with-dsym";
				ENABLE_NS_ASSERTIONS = NO;
				ENABLE_STRICT_OBJC_MSGSEND = YES;
				GCC_C_LANGUAGE_STANDARD = gnu99;
				GCC_NO_COMMON_BLOCKS = YES;
				GCC_WARN_64_TO_32_BIT_CONVERSION = YES;
				GCC_WARN_ABOUT_RETURN_TYPE = YES_ERROR;
				GCC_WARN_UNDECLARED_SELECTOR = YES;
				GCC_WARN_UNINITIALIZED_AUTOS = YES_AGGRESSIVE;
				GCC_WARN_UNUSED_FUNCTION = YES;
				GCC_WARN_UNUSED_VARIABLE = YES;
				IPHONEOS_DEPLOYMENT_TARGET = 9.1;
				MTL_ENABLE_DEBUG_INFO = NO;
				SDKROOT = iphoneos;
				VALIDATE_PRODUCT = YES;
			};
			name = Release;
		};
		CEF9F0F61D3342FB00D1144B /* Debug */ = {
			isa = XCBuildConfiguration;
			buildSettings = {
				ASSETCATALOG_COMPILER_APPICON_NAME = AppIcon;
				INFOPLIST_FILE = XGScrollView/Info.plist;
				LD_RUNPATH_SEARCH_PATHS = "$(inherited) @executable_path/Frameworks";
				PRODUCT_BUNDLE_IDENTIFIER = fvdv.com.XGScrollView;
				PRODUCT_NAME = "$(TARGET_NAME)";
			};
			name = Debug;
		};
		CEF9F0F71D3342FB00D1144B /* Release */ = {
			isa = XCBuildConfiguration;
			buildSettings = {
				ASSETCATALOG_COMPILER_APPICON_NAME = AppIcon;
				INFOPLIST_FILE = XGScrollView/Info.plist;
				LD_RUNPATH_SEARCH_PATHS = "$(inherited) @executable_path/Frameworks";
				PRODUCT_BUNDLE_IDENTIFIER = fvdv.com.XGScrollView;
				PRODUCT_NAME = "$(TARGET_NAME)";
			};
			name = Release;
		};
		CEF9F0F91D3342FB00D1144B /* Debug */ = {
			isa = XCBuildConfiguration;
			buildSettings = {
				BUNDLE_LOADER = "$(TEST_HOST)";
				INFOPLIST_FILE = XGScrollViewTests/Info.plist;
				LD_RUNPATH_SEARCH_PATHS = "$(inherited) @executable_path/Frameworks @loader_path/Frameworks";
				PRODUCT_BUNDLE_IDENTIFIER = fvdv.com.XGScrollViewTests;
				PRODUCT_NAME = "$(TARGET_NAME)";
				TEST_HOST = "$(BUILT_PRODUCTS_DIR)/XGScrollView.app/XGScrollView";
			};
			name = Debug;
		};
		CEF9F0FA1D3342FB00D1144B /* Release */ = {
			isa = XCBuildConfiguration;
			buildSettings = {
				BUNDLE_LOADER = "$(TEST_HOST)";
				INFOPLIST_FILE = XGScrollViewTests/Info.plist;
				LD_RUNPATH_SEARCH_PATHS = "$(inherited) @executable_path/Frameworks @loader_path/Frameworks";
				PRODUCT_BUNDLE_IDENTIFIER = fvdv.com.XGScrollViewTests;
				PRODUCT_NAME = "$(TARGET_NAME)";
				TEST_HOST = "$(BUILT_PRODUCTS_DIR)/XGScrollView.app/XGScrollView";
			};
			name = Release;
		};
		CEF9F0FC1D3342FB00D1144B /* Debug */ = {
			isa = XCBuildConfiguration;
			buildSettings = {
				INFOPLIST_FILE = XGScrollViewUITests/Info.plist;
				LD_RUNPATH_SEARCH_PATHS = "$(inherited) @executable_path/Frameworks @loader_path/Frameworks";
				PRODUCT_BUNDLE_IDENTIFIER = fvdv.com.XGScrollViewUITests;
				PRODUCT_NAME = "$(TARGET_NAME)";
				TEST_TARGET_NAME = XGScrollView;
				USES_XCTRUNNER = YES;
			};
			name = Debug;
		};
		CEF9F0FD1D3342FB00D1144B /* Release */ = {
			isa = XCBuildConfiguration;
			buildSettings = {
				INFOPLIST_FILE = XGScrollViewUITests/Info.plist;
				LD_RUNPATH_SEARCH_PATHS = "$(inherited) @executable_path/Frameworks @loader_path/Frameworks";
				PRODUCT_BUNDLE_IDENTIFIER = fvdv.com.XGScrollViewUITests;
				PRODUCT_NAME = "$(TARGET_NAME)";
				TEST_TARGET_NAME = XGScrollView;
				USES_XCTRUNNER = YES;
			};
			name = Release;
		};
/* End XCBuildConfiguration section */

/* Begin XCConfigurationList section */
		CEF9F0C31D3342FB00D1144B /* Build configuration list for PBXProject "XGScrollView" */ = {
			isa = XCConfigurationList;
			buildConfigurations = (
				CEF9F0F31D3342FB00D1144B /* Debug */,
				CEF9F0F41D3342FB00D1144B /* Release */,
			);
			defaultConfigurationIsVisible = 0;
			defaultConfigurationName = Release;
		};
		CEF9F0F51D3342FB00D1144B /* Build configuration list for PBXNativeTarget "XGScrollView" */ = {
			isa = XCConfigurationList;
			buildConfigurations = (
				CEF9F0F61D3342FB00D1144B /* Debug */,
				CEF9F0F71D3342FB00D1144B /* Release */,
			);
			defaultConfigurationIsVisible = 0;
		};
		CEF9F0F81D3342FB00D1144B /* Build configuration list for PBXNativeTarget "XGScrollViewTests" */ = {
			isa = XCConfigurationList;
			buildConfigurations = (
				CEF9F0F91D3342FB00D1144B /* Debug */,
				CEF9F0FA1D3342FB00D1144B /* Release */,
			);
			defaultConfigurationIsVisible = 0;
		};
		CEF9F0FB1D3342FB00D1144B /* Build configuration list for PBXNativeTarget "XGScrollViewUITests" */ = {
			isa = XCConfigurationList;
			buildConfigurations = (
				CEF9F0FC1D3342FB00D1144B /* Debug */,
				CEF9F0FD1D3342FB00D1144B /* Release */,
			);
			defaultConfigurationIsVisible = 0;
		};
/* End XCConfigurationList section */
	};
	rootObject = CEF9F0C01D3342FB00D1144B /* Project object */;
}
